# This file is automatically @generated by Cargo.
# It is not intended for manual editing.
version = 3

[[package]]
name = "aes"
version = "0.6.0"
source = "registry+https://github.com/rust-lang/crates.io-index"
checksum = "884391ef1066acaa41e766ba8f596341b96e93ce34f9a43e7d24bf0a0eaf0561"
dependencies = [
 "aes-soft",
 "aesni",
 "cipher",
]

[[package]]
name = "aes-soft"
version = "0.6.4"
source = "registry+https://github.com/rust-lang/crates.io-index"
checksum = "be14c7498ea50828a38d0e24a765ed2effe92a705885b57d029cd67d45744072"
dependencies = [
 "cipher",
 "opaque-debug",
]

[[package]]
name = "aesni"
version = "0.10.0"
source = "registry+https://github.com/rust-lang/crates.io-index"
checksum = "ea2e11f5e94c2f7d386164cc2aa1f97823fed6f259e486940a71c174dd01b0ce"
dependencies = [
 "cipher",
 "opaque-debug",
]

[[package]]
name = "block-modes"
version = "0.7.0"
source = "registry+https://github.com/rust-lang/crates.io-index"
checksum = "57a0e8073e8baa88212fb5823574c02ebccb395136ba9a164ab89379ec6072f0"
dependencies = [
 "block-padding",
 "cipher",
]

[[package]]
name = "block-padding"
version = "0.2.1"
source = "registry+https://github.com/rust-lang/crates.io-index"
checksum = "8d696c370c750c948ada61c69a0ee2cbbb9c50b1019ddb86d9317157a99c2cae"

[[package]]
name = "byteorder"
version = "1.4.3"
source = "registry+https://github.com/rust-lang/crates.io-index"
checksum = "14c189c53d098945499cdfa7ecc63567cf3886b3332b312a5b4585d8d3a6a610"

[[package]]
name = "cipher"
version = "0.2.5"
source = "registry+https://github.com/rust-lang/crates.io-index"
checksum = "12f8e7987cbd042a63249497f41aed09f8e65add917ea6566effbc56578d6801"
dependencies = [
 "generic-array",
]

[[package]]
name = "cntx"
version = "0.1.0"
dependencies = [
 "aes",
 "block-modes",
 "ctr",
 "hex",
 "xts-mode",
]

[[package]]
name = "ctr"
version = "0.6.0"
source = "registry+https://github.com/rust-lang/crates.io-index"
checksum = "fb4a30d54f7443bf3d6191dcd486aca19e67cb3c49fa7a06a319966346707e7f"
dependencies = [
 "cipher",
]

[[package]]
name = "generic-array"
version = "0.14.4"
source = "registry+https://github.com/rust-lang/crates.io-index"
checksum = "501466ecc8a30d1d3b7fc9229b122b2ce8ed6e9d9223f1138d4babb253e51817"
dependencies = [
 "typenum",
 "version_check",
]

[[package]]
name = "hex"
version = "0.4.3"
source = "registry+https://github.com/rust-lang/crates.io-index"
checksum = "7f24254aa9a54b5c858eaee2f5bccdb46aaf0e486a595ed5fd8f86ba55232a70"

[[package]]
name = "opaque-debug"
version = "0.3.0"
source = "registry+https://github.com/rust-lang/crates.io-index"
checksum = "624a8340c38c1b80fd549087862da4ba43e08858af025b236e509b6649fc13d5"

[[package]]
name = "typenum"
version = "1.14.0"
source = "registry+https://github.com/rust-lang/crates.io-index"
checksum = "b63708a265f51345575b27fe43f9500ad611579e764c79edbc2037b1121959ec"

[[package]]
name = "version_check"
version = "0.9.3"
source = "registry+https://github.com/rust-lang/crates.io-index"
checksum = "5fecdca9a5291cc2b8dcf7dc02453fee791a280f3743cb0905f8822ae463b3fe"

[[package]]
name = "xts-mode"
version = "0.3.0"
source = "registry+https://github.com/rust-lang/crates.io-index"
checksum = "73bf9bf32683d3c36bc217ea859b5b16b11a2735378b850bcd7b4849c36ec8e6"
dependencies = [
 "byteorder",
 "cipher",
]
